
Microsoft Visual Studio Solution File, Format Version 12.00
# Visual Studio Version 17
VisualStudioVersion = 17.7.34031.279
MinimumVisualStudioVersion = 10.0.40219.1
Project("{FAE04EC0-301F-11D3-BF4B-00C04F79EFBC}") = "Core", "Core\Core.csproj", "{A528684C-E250-47F8-897E-63033D6D24E5}"
EndProject
Project("{2150E333-8FDC-42A3-9474-1A3956D46DE8}") = "Examples", "Examples", "{8168F164-FD53-4BCA-9B4B-79358A5C7552}"
EndProject
Project("{FAE04EC0-301F-11D3-BF4B-00C04F79EFBC}") = "OneDNumCalc", "OneDNumCalc\OneDNumCalc.csproj", "{576A57BA-3A0C-4D97-9BE9-279464413749}"
EndProject
Global
	GlobalSection(SolutionConfigurationPlatforms) = preSolution
		Debug|Any CPU = Debug|Any CPU
		Release|Any CPU = Release|Any CPU
	EndGlobalSection
	GlobalSection(ProjectConfigurationPlatforms) = postSolution
		{A528684C-E250-47F8-897E-63033D6D24E5}.Debug|Any CPU.ActiveCfg = Debug|Any CPU
		{A528684C-E250-47F8-897E-63033D6D24E5}.Debug|Any CPU.Build.0 = Debug|Any CPU
		{A528684C-E250-47F8-897E-63033D6D24E5}.Release|Any CPU.ActiveCfg = Release|Any CPU
		{A528684C-E250-47F8-897E-63033D6D24E5}.Release|Any CPU.Build.0 = Release|Any CPU
		{576A57BA-3A0C-4D97-9BE9-279464413749}.Debug|Any CPU.ActiveCfg = Debug|Any CPU
		{576A57BA-3A0C-4D97-9BE9-279464413749}.Debug|Any CPU.Build.0 = Debug|Any CPU
		{576A57BA-3A0C-4D97-9BE9-279464413749}.Release|Any CPU.ActiveCfg = Release|Any CPU
		{576A57BA-3A0C-4D97-9BE9-279464413749}.Release|Any CPU.Build.0 = Release|Any CPU
	EndGlobalSection
	GlobalSection(SolutionProperties) = preSolution
		HideSolutionNode = FALSE
	EndGlobalSection
	GlobalSection(NestedProjects) = preSolution
		{576A57BA-3A0C-4D97-9BE9-279464413749} = {8168F164-FD53-4BCA-9B4B-79358A5C7552}
	EndGlobalSection
	GlobalSection(ExtensibilityGlobals) = postSolution
		SolutionGuid = {2CF66248-4508-4C66-B638-A1CC15A10D71}
	EndGlobalSection
EndGlobal
